
Microsoft Visual Studio Solution File, Format Version 12.00
# Visual Studio Version 17
VisualStudioVersion = 17.11.35312.102
MinimumVisualStudioVersion = 10.0.40219.1
Project("{FAE04EC0-301F-11D3-BF4B-00C04F79EFBC}") = "Warehouse", "Warehouse.csproj", "{01D03510-AF32-4C77-984E-8397B1FD4E48}"
EndProject
Global
	GlobalSection(SolutionConfigurationPlatforms) = preSolution
		Debug|Any CPU = Debug|Any CPU
		Release|Any CPU = Release|Any CPU
	EndGlobalSection
	GlobalSection(ProjectConfigurationPlatforms) = postSolution
		{01D03510-AF32-4C77-984E-8397B1FD4E48}.Debug|Any CPU.ActiveCfg = Debug|Any CPU
		{01D03510-AF32-4C77-984E-8397B1FD4E48}.Debug|Any CPU.Build.0 = Debug|Any CPU
		{01D03510-AF32-4C77-984E-8397B1FD4E48}.Release|Any CPU.ActiveCfg = Release|Any CPU
		{01D03510-AF32-4C77-984E-8397B1FD4E48}.Release|Any CPU.Build.0 = Release|Any CPU
	EndGlobalSection
	GlobalSection(SolutionProperties) = preSolution
		HideSolutionNode = FALSE
	EndGlobalSection
	GlobalSection(ExtensibilityGlobals) = postSolution
		SolutionGuid = {54D71438-6267-46F7-8671-A3590F5D5E86}
	EndGlobalSection
EndGlobal
